
Microsoft Visual Studio Solution File, Format Version 12.00
# Visual Studio 2013
VisualStudioVersion = 12.0.31101.0
MinimumVisualStudioVersion = 10.0.40219.1
Project("{FAE04EC0-301F-11D3-BF4B-00C04F79EFBC}") = "WLB Management Service", "WLB Management Service\WLB Management Service.csproj", "{6DCAD058-059B-4EC5-AD1C-498299B474E1}"
EndProject
Project("{FAE04EC0-301F-11D3-BF4B-00C04F79EFBC}") = "WLB Management Service.Test", "WLB Management Service.Test\WLB Management Service.Test.csproj", "{1F76765C-E330-4AA4-A3C7-131C6CE3E0D0}"
EndProject
Project("{2150E333-8FDC-42A3-9474-1A3956D46DE8}") = ".nuget", ".nuget", "{AA542CE0-7160-4B10-9B90-2F9D249B8132}"
	ProjectSection(SolutionItems) = preProject
		.nuget\packages.config = .nuget\packages.config
	EndProjectSection
EndProject
Global
	GlobalSection(SolutionConfigurationPlatforms) = preSolution
		Debug|Any CPU = Debug|Any CPU
		Release|Any CPU = Release|Any CPU
	EndGlobalSection
	GlobalSection(ProjectConfigurationPlatforms) = postSolution
		{6DCAD058-059B-4EC5-AD1C-498299B474E1}.Debug|Any CPU.ActiveCfg = Debug|Any CPU
		{6DCAD058-059B-4EC5-AD1C-498299B474E1}.Debug|Any CPU.Build.0 = Debug|Any CPU
		{6DCAD058-059B-4EC5-AD1C-498299B474E1}.Release|Any CPU.ActiveCfg = Release|Any CPU
		{6DCAD058-059B-4EC5-AD1C-498299B474E1}.Release|Any CPU.Build.0 = Release|Any CPU
		{1F76765C-E330-4AA4-A3C7-131C6CE3E0D0}.Debug|Any CPU.ActiveCfg = Debug|Any CPU
		{1F76765C-E330-4AA4-A3C7-131C6CE3E0D0}.Debug|Any CPU.Build.0 = Debug|Any CPU
		{1F76765C-E330-4AA4-A3C7-131C6CE3E0D0}.Release|Any CPU.ActiveCfg = Release|Any CPU
		{1F76765C-E330-4AA4-A3C7-131C6CE3E0D0}.Release|Any CPU.Build.0 = Release|Any CPU
	EndGlobalSection
	GlobalSection(SolutionProperties) = preSolution
		HideSolutionNode = FALSE
	EndGlobalSection
EndGlobal
